// !$*UTF8*$!
{
	archiveVersion = 1;
	classes = {
	};
	objectVersion = 50;
	objects = {

/* Begin PBXBuildFile section */
		D77E872A24E67E130099E613 /* AppDelegate.swift in Sources */ = {isa = PBXBuildFile; fileRef = D77E872924E67E130099E613 /* AppDelegate.swift */; };
		D77E872C24E67E130099E613 /* SceneDelegate.swift in Sources */ = {isa = PBXBuildFile; fileRef = D77E872B24E67E130099E613 /* SceneDelegate.swift */; };
		D77E872E24E67E130099E613 /* ViewController.swift in Sources */ = {isa = PBXBuildFile; fileRef = D77E872D24E67E130099E613 /* ViewController.swift */; };
		D77E873124E67E130099E613 /* Main.storyboard in Resources */ = {isa = PBXBuildFile; fileRef = D77E872F24E67E130099E613 /* Main.storyboard */; };
		D77E873424E67E130099E613 /* KTf_X_Ktf.xcdatamodeld in Sources */ = {isa = PBXBuildFile; fileRef = D77E873224E67E130099E613 /* KTf_X_Ktf.xcdatamodeld */; };
		D77E873624E67E150099E613 /* Assets.xcassets in Resources */ = {isa = PBXBuildFile; fileRef = D77E873524E67E150099E613 /* Assets.xcassets */; };
		D77E873924E67E150099E613 /* LaunchScreen.storyboard in Resources */ = {isa = PBXBuildFile; fileRef = D77E873724E67E150099E613 /* LaunchScreen.storyboard */; };
/* End PBXBuildFile section */

/* Begin PBXFileReference section */
		D77E872624E67E130099E613 /* KTf X Ktf.app */ = {isa = PBXFileReference; explicitFileType = wrapper.application; includeInIndex = 0; path = "KTf X Ktf.app"; sourceTree = BUILT_PRODUCTS_DIR; };
		D77E872924E67E130099E613 /* AppDelegate.swift */ = {isa = PBXFileReference; lastKnownFileType = sourcecode.swift; path = AppDelegate.swift; sourceTree = "<group>"; };
		D77E872B24E67E130099E613 /* SceneDelegate.swift */ = {isa = PBXFileReference; lastKnownFileType = sourcecode.swift; path = SceneDelegate.swift; sourceTree = "<group>"; };
		D77E872D24E67E130099E613 /* ViewController.swift */ = {isa = PBXFileReference; lastKnownFileType = sourcecode.swift; path = ViewController.swift; sourceTree = "<group>"; };
		D77E873024E67E130099E613 /* Base */ = {isa = PBXFileReference; lastKnownFileType = file.storyboard; name = Base; path = Base.lproj/Main.storyboard; sourceTree = "<group>"; };
		D77E873324E67E130099E613 /* KTf_X_Ktf.xcdatamodel */ = {isa = PBXFileReference; lastKnownFileType = wrapper.xcdatamodel; path = KTf_X_Ktf.xcdatamodel; sourceTree = "<group>"; };
		D77E873524E67E150099E613 /* Assets.xcassets */ = {isa = PBXFileReference; lastKnownFileType = folder.assetcatalog; path = Assets.xcassets; sourceTree = "<group>"; };
		D77E873824E67E150099E613 /* Base */ = {isa = PBXFileReference; lastKnownFileType = file.storyboard; name = Base; path = Base.lproj/LaunchScreen.storyboard; sourceTree = "<group>"; };
		D77E873A24E67E150099E613 /* Info.plist */ = {isa = PBXFileReference; lastKnownFileType = text.plist.xml; path = Info.plist; sourceTree = "<group>"; };
/* End PBXFileReference section */

/* Begin PBXFrameworksBuildPhase section */
		D77E872324E67E130099E613 /* Frameworks */ = {
			isa = PBXFrameworksBuildPhase;
			buildActionMask = 2147483647;
			files = (
			);
			runOnlyForDeploymentPostprocessing = 0;
		};
/* End PBXFrameworksBuildPhase section */

/* Begin PBXGroup section */
		D77E871D24E67E130099E613 = {
			isa = PBXGroup;
			children = (
				D77E872824E67E130099E613 /* KTf X Ktf */,
				D77E872724E67E130099E613 /* Products */,
			);
			sourceTree = "<group>";
		};
		D77E872724E67E130099E613 /* Products */ = {
			isa = PBXGroup;
			children = (
				D77E872624E67E130099E613 /* KTf X Ktf.app */,
			);
			name = Products;
			sourceTree = "<group>";
		};
		D77E872824E67E130099E613 /* KTf X Ktf */ = {
			isa = PBXGroup;
			children = (
				D77E872924E67E130099E613 /* AppDelegate.swift */,
				D77E872B24E67E130099E613 /* SceneDelegate.swift */,
				D77E872D24E67E130099E613 /* ViewController.swift */,
				D77E872F24E67E130099E613 /* Main.storyboard */,
				D77E873524E67E150099E613 /* Assets.xcassets */,
				D77E873724E67E150099E613 /* LaunchScreen.storyboard */,
				D77E873A24E67E150099E613 /* Info.plist */,
				D77E873224E67E130099E613 /* KTf_X_Ktf.xcdatamodeld */,
			);
			path = "KTf X Ktf";
			sourceTree = "<group>";
		};
/* End PBXGroup section */

/* Begin PBXNativeTarget section */
		D77E872524E67E130099E613 /* KTf X Ktf */ = {
			isa = PBXNativeTarget;
			buildConfigurationList = D77E873D24E67E150099E613 /* Build configuration list for PBXNativeTarget "KTf X Ktf" */;
			buildPhases = (
				D77E872224E67E130099E613 /* Sources */,
				D77E872324E67E130099E613 /* Frameworks */,
				D77E872424E67E130099E613 /* Resources */,
			);
			buildRules = (
			);
			dependencies = (
			);
			name = "KTf X Ktf";
			productName = "KTf X Ktf";
			productReference = D77E872624E67E130099E613 /* KTf X Ktf.app */;
			productType = "com.apple.product-type.application";
		};
/* End PBXNativeTarget section */

/* Begin PBXProject section */
		D77E871E24E67E130099E613 /* Project object */ = {
			isa = PBXProject;
			attributes = {
				LastSwiftUpdateCheck = 1140;
				LastUpgradeCheck = 1140;
				ORGANIZATIONNAME = "Hany Karam";
				TargetAttributes = {
					D77E872524E67E130099E613 = {
						CreatedOnToolsVersion = 11.4;
					};
				};
			};
			buildConfigurationList = D77E872124E67E130099E613 /* Build configuration list for PBXProject "KTf X Ktf" */;
			compatibilityVersion = "Xcode 9.3";
			developmentRegion = en;
			hasScannedForEncodings = 0;
			knownRegions = (
				en,
				Base,
			);
			mainGroup = D77E871D24E67E130099E613;
			productRefGroup = D77E872724E67E130099E613 /* Products */;
			projectDirPath = "";
			projectRoot = "";
			targets = (
				D77E872524E67E130099E613 /* KTf X Ktf */,
			);
		};
/* End PBXProject section */

/* Begin PBXResourcesBuildPhase section */
		D77E872424E67E130099E613 /* Resources */ = {
			isa = PBXResourcesBuildPhase;
			buildActionMask = 2147483647;
			files = (
				D77E873924E67E150099E613 /* LaunchScreen.storyboard in Resources */,
				D77E873624E67E150099E613 /* Assets.xcassets in Resources */,
				D77E873124E67E130099E613 /* Main.storyboard in Resources */,
			);
			runOnlyForDeploymentPostprocessing = 0;
		};
/* End PBXResourcesBuildPhase section */

/* Begin PBXSourcesBuildPhase section */
		D77E872224E67E130099E613 /* Sources */ = {
			isa = PBXSourcesBuildPhase;
			buildActionMask = 2147483647;
			files = (
				D77E872E24E67E130099E613 /* ViewController.swift in Sources */,
				D77E872A24E67E130099E613 /* AppDelegate.swift in Sources */,
				D77E873424E67E130099E613 /* KTf_X_Ktf.xcdatamodeld in Sources */,
				D77E872C24E67E130099E613 /* SceneDelegate.swift in Sources */,
			);
			runOnlyForDeploymentPostprocessing = 0;
		};
/* End PBXSourcesBuildPhase section */

/* Begin PBXVariantGroup section */
		D77E872F24E67E130099E613 /* Main.storyboard */ = {
			isa = PBXVariantGroup;
			children = (
				D77E873024E67E130099E613 /* Base */,
			);
			name = Main.storyboard;
			sourceTree = "<group>";
		};
		D77E873724E67E150099E613 /* LaunchScreen.storyboard */ = {
			isa = PBXVariantGroup;
			children = (
				D77E873824E67E150099E613 /* Base */,
			);
			name = LaunchScreen.storyboard;
			sourceTree = "<group>";
		};
/* End PBXVariantGroup section */

/* Begin XCBuildConfiguration section */
		D77E873B24E67E150099E613 /* Debug */ = {
			isa = XCBuildConfiguration;
			buildSettings = {
				ALWAYS_SEARCH_USER_PATHS = NO;
				CLANG_ANALYZER_NONNULL = YES;
				CLANG_ANALYZER_NUMBER_OBJECT_CONVERSION = YES_AGGRESSIVE;
				CLANG_CXX_LANGUAGE_STANDARD = "gnu++14";
				CLANG_CXX_LIBRARY = "libc++";
				CLANG_ENABLE_MODULES = YES;
				CLANG_ENABLE_OBJC_ARC = YES;
				CLANG_ENABLE_OBJC_WEAK = YES;
				CLANG_WARN_BLOCK_CAPTURE_AUTORELEASING = YES;
				CLANG_WARN_BOOL_CONVERSION = YES;
				CLANG_WARN_COMMA = YES;
				CLANG_WARN_CONSTANT_CONVERSION = YES;
				CLANG_WARN_DEPRECATED_OBJC_IMPLEMENTATIONS = YES;
				CLANG_WARN_DIRECT_OBJC_ISA_USAGE = YES_ERROR;
				CLANG_WARN_DOCUMENTATION_COMMENTS = YES;
				CLANG_WARN_EMPTY_BODY = YES;
				CLANG_WARN_ENUM_CONVERSION = YES;
				CLANG_WARN_INFINITE_RECURSION = YES;
				CLANG_WARN_INT_CONVERSION = YES;
				CLANG_WARN_NON_LITERAL_NULL_CONVERSION = YES;
				CLANG_WARN_OBJC_IMPLICIT_RETAIN_SELF = YES;
				CLANG_WARN_OBJC_LITERAL_CONVERSION = YES;
				CLANG_WARN_OBJC_ROOT_CLASS = YES_ERROR;
				CLANG_WARN_RANGE_LOOP_ANALYSIS = YES;
				CLANG_WARN_STRICT_PROTOTYPES = YES;
				CLANG_WARN_SUSPICIOUS_MOVE = YES;
				CLANG_WARN_UNGUARDED_AVAILABILITY = YES_AGGRESSIVE;
				CLANG_WARN_UNREACHABLE_CODE = YES;
				CLANG_WARN__DUPLICATE_METHOD_MATCH = YES;
				COPY_PHASE_STRIP = NO;
				DEBUG_INFORMATION_FORMAT = dwarf;
				ENABLE_STRICT_OBJC_MSGSEND = YES;
				ENABLE_TESTABILITY = YES;
				GCC_C_LANGUAGE_STANDARD = gnu11;
				GCC_DYNAMIC_NO_PIC = NO;
				GCC_NO_COMMON_BLOCKS = YES;
				GCC_OPTIMIZATION_LEVEL = 0;
				GCC_PREPROCESSOR_DEFINITIONS = (
					"DEBUG=1",
					"$(inherited)",
				);
				GCC_WARN_64_TO_32_BIT_CONVERSION = YES;
				GCC_WARN_ABOUT_RETURN_TYPE = YES_ERROR;
				GCC_WARN_UNDECLARED_SELECTOR = YES;
				GCC_WARN_UNINITIALIZED_AUTOS = YES_AGGRESSIVE;
				GCC_WARN_UNUSED_FUNCTION = YES;
				GCC_WARN_UNUSED_VARIABLE = YES;
				IPHONEOS_DEPLOYMENT_TARGET = 13.4;
				MTL_ENABLE_DEBUG_INFO = INCLUDE_SOURCE;
				MTL_FAST_MATH = YES;
				ONLY_ACTIVE_ARCH = YES;
				SDKROOT = iphoneos;
				SWIFT_ACTIVE_COMPILATION_CONDITIONS = DEBUG;
				SWIFT_OPTIMIZATION_LEVEL = "-Onone";
			};
			name = Debug;
		};
		D77E873C24E67E150099E613 /* Release */ = {
			isa = XCBuildConfiguration;
			buildSettings = {
				ALWAYS_SEARCH_USER_PATHS = NO;
				CLANG_ANALYZER_NONNULL = YES;
				CLANG_ANALYZER_NUMBER_OBJECT_CONVERSION = YES_AGGRESSIVE;
				CLANG_CXX_LANGUAGE_STANDARD = "gnu++14";
				CLANG_CXX_LIBRARY = "libc++";
				CLANG_ENABLE_MODULES = YES;
				CLANG_ENABLE_OBJC_ARC = YES;
				CLANG_ENABLE_OBJC_WEAK = YES;
				CLANG_WARN_BLOCK_CAPTURE_AUTORELEASING = YES;
				CLANG_WARN_BOOL_CONVERSION = YES;
				CLANG_WARN_COMMA = YES;
				CLANG_WARN_CONSTANT_CONVERSION = YES;
				CLANG_WARN_DEPRECATED_OBJC_IMPLEMENTATIONS = YES;
				CLANG_WARN_DIRECT_OBJC_ISA_USAGE = YES_ERROR;
				CLANG_WARN_DOCUMENTATION_COMMENTS = YES;
				CLANG_WARN_EMPTY_BODY = YES;
				CLANG_WARN_ENUM_CONVERSION = YES;
				CLANG_WARN_INFINITE_RECURSION = YES;
				CLANG_WARN_INT_CONVERSION = YES;
				CLANG_WARN_NON_LITERAL_NULL_CONVERSION = YES;
				CLANG_WARN_OBJC_IMPLICIT_RETAIN_SELF = YES;
				CLANG_WARN_OBJC_LITERAL_CONVERSION = YES;
				CLANG_WARN_OBJC_ROOT_CLASS = YES_ERROR;
				CLANG_WARN_RANGE_LOOP_ANALYSIS = YES;
				CLANG_WARN_STRICT_PROTOTYPES = YES;
				CLANG_WARN_SUSPICIOUS_MOVE = YES;
				CLANG_WARN_UNGUARDED_AVAILABILITY = YES_AGGRESSIVE;
				CLANG_WARN_UNREACHABLE_CODE = YES;
				CLANG_WARN__DUPLICATE_METHOD_MATCH = YES;
				COPY_PHASE_STRIP = NO;
				DEBUG_INFORMATION_FORMAT = "dwarf-with-dsym";
				ENABLE_NS_ASSERTIONS = NO;
				ENABLE_STRICT_OBJC_MSGSEND = YES;
				GCC_C_LANGUAGE_STANDARD = gnu11;
				GCC_NO_COMMON_BLOCKS = YES;
				GCC_WARN_64_TO_32_BIT_CONVERSION = YES;
				GCC_WARN_ABOUT_RETURN_TYPE = YES_ERROR;
				GCC_WARN_UNDECLARED_SELECTOR = YES;
				GCC_WARN_UNINITIALIZED_AUTOS = YES_AGGRESSIVE;
				GCC_WARN_UNUSED_FUNCTION = YES;
				GCC_WARN_UNUSED_VARIABLE = YES;
				IPHONEOS_DEPLOYMENT_TARGET = 13.4;
				MTL_ENABLE_DEBUG_INFO = NO;
				MTL_FAST_MATH = YES;
				SDKROOT = iphoneos;
				SWIFT_COMPILATION_MODE = wholemodule;
				SWIFT_OPTIMIZATION_LEVEL = "-O";
				VALIDATE_PRODUCT = YES;
			};
			name = Release;
		};
		D77E873E24E67E150099E613 /* Debug */ = {
			isa = XCBuildConfiguration;
			buildSettings = {
				ASSETCATALOG_COMPILER_APPICON_NAME = AppIcon;
				CODE_SIGN_STYLE = Automatic;
				INFOPLIST_FILE = "KTf X Ktf/Info.plist";
				LD_RUNPATH_SEARCH_PATHS = (
					"$(inherited)",
					"@executable_path/Frameworks",
				);
				PRODUCT_BUNDLE_IDENTIFIER = "hany.KTf-X-Ktf";
				PRODUCT_NAME = "$(TARGET_NAME)";
				SWIFT_VERSION = 5.0;
				TARGETED_DEVICE_FAMILY = "1,2";
			};
			name = Debug;
		};
		D77E873F24E67E150099E613 /* Release */ = {
			isa = XCBuildConfiguration;
			buildSettings = {
				ASSETCATALOG_COMPILER_APPICON_NAME = AppIcon;
				CODE_SIGN_STYLE = Automatic;
				INFOPLIST_FILE = "KTf X Ktf/Info.plist";
				LD_RUNPATH_SEARCH_PATHS = (
					"$(inherited)",
					"@executable_path/Frameworks",
				);
				PRODUCT_BUNDLE_IDENTIFIER = "hany.KTf-X-Ktf";
				PRODUCT_NAME = "$(TARGET_NAME)";
				SWIFT_VERSION = 5.0;
				TARGETED_DEVICE_FAMILY = "1,2";
			};
			name = Release;
		};
/* End XCBuildConfiguration section */

/* Begin XCConfigurationList section */
		D77E872124E67E130099E613 /* Build configuration list for PBXProject "KTf X Ktf" */ = {
			isa = XCConfigurationList;
			buildConfigurations = (
				D77E873B24E67E150099E613 /* Debug */,
				D77E873C24E67E150099E613 /* Release */,
			);
			defaultConfigurationIsVisible = 0;
			defaultConfigurationName = Release;
		};
		D77E873D24E67E150099E613 /* Build configuration list for PBXNativeTarget "KTf X Ktf" */ = {
			isa = XCConfigurationList;
			buildConfigurations = (
				D77E873E24E67E150099E613 /* Debug */,
				D77E873F24E67E150099E613 /* Release */,
			);
			defaultConfigurationIsVisible = 0;
			defaultConfigurationName = Release;
		};
/* End XCConfigurationList section */

/* Begin XCVersionGroup section */
		D77E873224E67E130099E613 /* KTf_X_Ktf.xcdatamodeld */ = {
			isa = XCVersionGroup;
			children = (
				D77E873324E67E130099E613 /* KTf_X_Ktf.xcdatamodel */,
			);
			currentVersion = D77E873324E67E130099E613 /* KTf_X_Ktf.xcdatamodel */;
			path = KTf_X_Ktf.xcdatamodeld;
			sourceTree = "<group>";
			versionGroupType = wrapper.xcdatamodel;
		};
/* End XCVersionGroup section */
	};
	rootObject = D77E871E24E67E130099E613 /* Project object */;
}
